
Microsoft Visual Studio Solution File, Format Version 12.00
# Visual Studio 15
Project("{FAE04EC0-301F-11D3-BF4B-00C04F79EFBC}") = "ModuleManagerWatchDog", "Source\ModuleManagerWatchDog\ModuleManagerWatchDog.csproj", "{C4A875CC-E958-429F-944B-D0702EA76A89}"
EndProject
Global
	GlobalSection(SolutionConfigurationPlatforms) = preSolution
		Debug|Any CPU = Debug|Any CPU
		Release|Any CPU = Release|Any CPU
	EndGlobalSection
	GlobalSection(ProjectConfigurationPlatforms) = postSolution
		{5DF4A87C-15E4-4C67-9314-02E7BDCB449D}.Debug|Any CPU.ActiveCfg = Debug|Any CPU
		{5DF4A87C-15E4-4C67-9314-02E7BDCB449D}.Debug|Any CPU.Build.0 = Debug|Any CPU
		{5DF4A87C-15E4-4C67-9314-02E7BDCB449D}.Release|Any CPU.ActiveCfg = Release|Any CPU
		{5DF4A87C-15E4-4C67-9314-02E7BDCB449D}.Release|Any CPU.Build.0 = Release|Any CPU
		{C4A875CC-E958-429F-944B-D0702EA76A89}.Debug|Any CPU.ActiveCfg = Debug|Any CPU
		{C4A875CC-E958-429F-944B-D0702EA76A89}.Debug|Any CPU.Build.0 = Debug|Any CPU
		{C4A875CC-E958-429F-944B-D0702EA76A89}.Release|Any CPU.ActiveCfg = Release|Any CPU
		{C4A875CC-E958-429F-944B-D0702EA76A89}.Release|Any CPU.Build.0 = Release|Any CPU
	EndGlobalSection
	GlobalSection(MonoDevelopProperties) = preSolution
		Policies = $0
		$0.TextStylePolicy = $1
		$1.inheritsSet = null
		$1.scope = text/x-csharp
		$0.CSharpFormattingPolicy = $2
		$2.scope = text/x-csharp
		$0.TextStylePolicy = $3
		$3.FileWidth = 132
		$3.EolMarker = Unix
		$3.scope = text/plain
	EndGlobalSection
EndGlobal
